<?xml version="1.0" encoding="utf-8"?>
<Project ToolsVersion="4.0" xmlns="http://schemas.microsoft.com/developer/msbuild/2003">
  <ItemGroup>
    <Filter Include="Source Files">
      <UniqueIdentifier>{68e6aec2-e4cc-4296-a01d-358dffca632a}</UniqueIdentifier>
      <Extensions>cpp;c;cxx;rc;def;r;odl;idl;hpj;bat</Extensions>
    </Filter>
    <Filter Include="Header Files">
      <UniqueIdentifier>{936d6b0b-f4df-4dc1-a88e-07988cc612c1}</UniqueIdentifier>
      <Extensions>h;hpp;hxx;hm;inl</Extensions>
    </Filter>
    <Filter Include="Resource Files">
      <UniqueIdentifier>{81ceae72-db6d-444f-b095-bd49e11269bd}</UniqueIdentifier>
      <Extensions>ico;cur;bmp;dlg;rc2;rct;bin;rgs;gif;jpg;jpeg;jpe</Extensions>
    </Filter>
  </ItemGroup>
  <ItemGroup>
    <ClCompile Include="AllocationInCFile.c">
      <Filter>Source Files</Filter>
    </ClCompile>
    <ClCompile Include="AllocationInCppFile.cpp">
      <Filter>Source Files</Filter>
    </ClCompile>
    <ClCompile Include="AllocLetTestFree.c">
      <Filter>Source Files</Filter>
    </ClCompile>
    <ClCompile Include="AllocLetTestFreeTest.cpp">
      <Filter>Source Files</Filter>
    </ClCompile>
    <ClCompile Include="CppUTestExt\AllTests.cpp">
      <Filter>Source Files</Filter>
    </ClCompile>
    <ClCompile Include="CheatSheetTest.cpp">
      <Filter>Source Files</Filter>
    </ClCompile>
    <ClCompile Include="CppUTestExt\CodeMemoryReportFormatterTest.cpp">
      <Filter>Source Files</Filter>
    </ClCompile>
    <ClCompile Include="CommandLineArgumentsTest.cpp">
      <Filter>Source Files</Filter>
    </ClCompile>
    <ClCompile Include="CommandLineTestRunnerTest.cpp">
      <Filter>Source Files</Filter>
    </ClCompile>
    <ClCompile Include="CppUTestExt\GMockTest.cpp">
      <Filter>Source Files</Filter>
    </ClCompile>
    <ClCompile Include="CppUTestExt\GTest1Test.cpp">
      <Filter>Source Files</Filter>
    </ClCompile>
    <ClCompile Include="CppUTestExt\GTest2ConvertorTest.cpp">
      <Filter>Source Files</Filter>
    </ClCompile>
    <ClCompile Include="JUnitOutputTest.cpp">
      <Filter>Source Files</Filter>
    </ClCompile>
    <ClCompile Include="MemoryLeakDetectorTest.cpp">
      <Filter>Source Files</Filter>
    </ClCompile>
    <ClCompile Include="MemoryLeakOperatorOverloadsTest.cpp">
      <Filter>Source Files</Filter>
    </ClCompile>
    <ClCompile Include="MemoryLeakWarningTest.cpp">
      <Filter>Source Files</Filter>
    </ClCompile>
    <ClCompile Include="CppUTestExt\MemoryReportAllocatorTest.cpp">
      <Filter>Source Files</Filter>
    </ClCompile>
    <ClCompile Include="CppUTestExt\MemoryReporterPluginTest.cpp">
      <Filter>Source Files</Filter>
    </ClCompile>
    <ClCompile Include="CppUTestExt\MemoryReportFormatterTest.cpp">
      <Filter>Source Files</Filter>
    </ClCompile>
    <ClCompile Include="CppUTestExt\MockActualCallTest.cpp">
      <Filter>Source Files</Filter>
    </ClCompile>
    <ClCompile Include="CppUTestExt\MockCheatSheetTest.cpp">
      <Filter>Source Files</Filter>
    </ClCompile>
    <ClCompile Include="CppUTestExt\MockExpectedCallTest.cpp">
      <Filter>Source Files</Filter>
    </ClCompile>
    <ClCompile Include="CppUTestExt\MockExpectedFunctionsListTest.cpp">
      <Filter>Source Files</Filter>
    </ClCompile>
    <ClCompile Include="CppUTestExt\MockFailureTest.cpp">
      <Filter>Source Files</Filter>
    </ClCompile>
    <ClCompile Include="CppUTestExt\MockPluginTest.cpp">
      <Filter>Source Files</Filter>
    </ClCompile>
    <ClCompile Include="CppUTestExt\MockSupport_cTest.cpp">
      <Filter>Source Files</Filter>
    </ClCompile>
    <ClCompile Include="CppUTestExt\MockSupport_cTestCFile.c">
      <Filter>Source Files</Filter>
    </ClCompile>
    <ClCompile Include="CppUTestExt\MockSupportTest.cpp">
      <Filter>Source Files</Filter>
    </ClCompile>
    <ClCompile Include="CppUTestExt\OrderedTestTest.cpp">
      <Filter>Source Files</Filter>
    </ClCompile>
    <ClCompile Include="PluginTest.cpp">
      <Filter>Source Files</Filter>
    </ClCompile>
    <ClCompile Include="PreprocessorTest.cpp">
      <Filter>Source Files</Filter>
    </ClCompile>
    <ClCompile Include="SetPluginTest.cpp">
      <Filter>Source Files</Filter>
    </ClCompile>
    <ClCompile Include="SimpleMutexTest.cpp">
      <Filter>Source Files</Filter>
    </ClCompile>
    <ClCompile Include="SimpleStringTest.cpp">
      <Filter>Source Files</Filter>
    </ClCompile>
    <ClCompile Include="TestFailureNaNTest.cpp">
      <Filter>Source Files</Filter>
    </ClCompile>
    <ClCompile Include="TestFailureTest.cpp">
      <Filter>Source Files</Filter>
    </ClCompile>
    <ClCompile Include="TestFilterTest.cpp">
      <Filter>Source Files</Filter>
    </ClCompile>
    <ClCompile Include="TestHarness_cTest.cpp">
      <Filter>Source Files</Filter>
    </ClCompile>
    <ClCompile Include="TestHarness_cTestCFile.c">
      <Filter>Source Files</Filter>
    </ClCompile>
    <ClCompile Include="TestInstallerTest.cpp">
      <Filter>Source Files</Filter>
    </ClCompile>
    <ClCompile Include="TestMemoryAllocatorTest.cpp">
      <Filter>Source Files</Filter>
    </ClCompile>
    <ClCompile Include="TestOutputTest.cpp">
      <Filter>Source Files</Filter>
    </ClCompile>
    <ClCompile Include="TestRegistryTest.cpp">
      <Filter>Source Files</Filter>
    </ClCompile>
    <ClCompile Include="TestResultTest.cpp">
      <Filter>Source Files</Filter>
    </ClCompile>
    <ClCompile Include="TestUTestMacro.cpp">
      <Filter>Source Files</Filter>
    </ClCompile>
    <ClCompile Include="UtestPlatformTest.cpp">
      <Filter>Source Files</Filter>
    </ClCompile>
    <ClCompile Include="UtestTest.cpp">
      <Filter>Source Files</Filter>
    </ClCompile>
  </ItemGroup>
  <ItemGroup>
    <ClInclude Include="CppUTestExt\MockFailureTest.h">
      <Filter>Source Files</Filter>
    </ClInclude>
    <ClInclude Include="CppUTestExt\MockSupport_cTestCFile.h">
      <Filter>Source Files</Filter>
    </ClInclude>
    <ClInclude Include="AllocationInCFile.h">
      <Filter>Header Files</Filter>
    </ClInclude>
    <ClInclude Include="AllocationInCppFile.h">
      <Filter>Header Files</Filter>
    </ClInclude>
    <ClInclude Include="AllocLetTestFree.h">
      <Filter>Header Files</Filter>
    </ClInclude>
    <ClInclude Include="AllTests.h">
      <Filter>Header Files</Filter>
    </ClInclude>
    <ClInclude Include="..\include\CppUTest\CommandLineArguments.h">
      <Filter>Header Files</Filter>
    </ClInclude>
    <ClInclude Include="..\include\CppUTest\CppUTestConfig.h">
      <Filter>Header Files</Filter>
    </ClInclude>
    <ClInclude Include="..\include\CppUTest\MemoryLeakDetector.h">
      <Filter>Header Files</Filter>
    </ClInclude>
    <ClInclude Include="..\include\CppUTest\MemoryLeakDetectorMallocMacros.h">
      <Filter>Header Files</Filter>
    </ClInclude>
    <ClInclude Include="..\include\CppUTest\MemoryLeakDetectorNewMacros.h">
      <Filter>Header Files</Filter>
    </ClInclude>
    <ClInclude Include="..\include\CppUTest\PlatformSpecificFunctions.h">
      <Filter>Header Files</Filter>
    </ClInclude>
    <ClInclude Include="..\include\CppUTest\PlatformSpecificFunctions_c.h">
      <Filter>Header Files</Filter>
    </ClInclude>
    <ClInclude Include="..\include\CppUTest\SimpleMutex.h">
      <Filter>Header Files</Filter>
    </ClInclude>
    <ClInclude Include="..\include\CppUTest\StandardCLibrary.h">
      <Filter>Header Files</Filter>
    </ClInclude>
    <ClInclude Include="..\include\CppUTest\TestFailure.h">
      <Filter>Header Files</Filter>
    </ClInclude>
    <ClInclude Include="..\include\CppUTest\TestFilter.h">
      <Filter>Header Files</Filter>
    </ClInclude>
    <ClInclude Include="..\include\CppUTest\TestMemoryAllocator.h">
      <Filter>Header Files</Filter>
    </ClInclude>
    <ClInclude Include="..\include\CppUTest\TestTestingFixture.h">
      <Filter>Header Files</Filter>
    </ClInclude>
    <ClInclude Include="..\include\CppUTest\UtestMacros.h">
      <Filter>Header Files</Filter>
    </ClInclude>
  </ItemGroup>
</Project>